
SPEC CHECKSUMS: 
  InflectorKit: 9dccab02f95541093995adac639342c9eb9e6c12
  AFNetworking: 3cbae45f61a9f995cdbd56bd571223910d7f4e44
  TransformerKit: 5985969aae30fc2b50b0d6c1aa3ec0daccc57c40
  AFIncrementalStore: 71e6815601f999933193ca97beb8a225ee3204e1
  AFOAuth1Client: 037044e341e897e0742920404f0c54ffd51dc776

COCOAPODS: 0.16.3

DEPENDENCIES: 
- AFIncrementalStore
- AFNetworking
- AFOAuth1Client

PODS: 
- AFIncrementalStore (0.4.0): 
  - AFNetworking (>= 0.9.0)
  - InflectorKit
  - TransformerKit
- AFNetworking (1.2.0)
- AFOAuth1Client (0.1.1): 
  - AFNetworking (>= 0.9)
- InflectorKit (0.0.1)
- TransformerKit (0.0.2)
